// !$*UTF8*$!
{
	archiveVersion = 1;
	classes = {
	};
	objectVersion = 46;
	objects = {

/* Begin PBXBuildFile section */
		DE40475F1A1C606800ABEB84 /* AppDelegate.swift in Sources */ = {isa = PBXBuildFile; fileRef = DE40475E1A1C606800ABEB84 /* AppDelegate.swift */; };
		DE4047611A1C606800ABEB84 /* ViewController.swift in Sources */ = {isa = PBXBuildFile; fileRef = DE4047601A1C606800ABEB84 /* ViewController.swift */; };
		DE4047641A1C606800ABEB84 /* Main.storyboard in Resources */ = {isa = PBXBuildFile; fileRef = DE4047621A1C606800ABEB84 /* Main.storyboard */; };
		DE4047661A1C606800ABEB84 /* Images.xcassets in Resources */ = {isa = PBXBuildFile; fileRef = DE4047651A1C606800ABEB84 /* Images.xcassets */; };
		DE4047691A1C606800ABEB84 /* LaunchScreen.xib in Resources */ = {isa = PBXBuildFile; fileRef = DE4047671A1C606800ABEB84 /* LaunchScreen.xib */; };
		DE4047751A1C606800ABEB84 /* atomikTests.swift in Sources */ = {isa = PBXBuildFile; fileRef = DE4047741A1C606800ABEB84 /* atomikTests.swift */; };
		DE4047801A1C87CC00ABEB84 /* Settings.bundle in Resources */ = {isa = PBXBuildFile; fileRef = DE40477F1A1C87CC00ABEB84 /* Settings.bundle */; };
		DE4047831A1C8D7D00ABEB84 /* EAIntroView.license in Resources */ = {isa = PBXBuildFile; fileRef = DE4047821A1C8D7D00ABEB84 /* EAIntroView.license */; };
		DEC4F7271A1C906100869D0C /* licenseScript.py in Resources */ = {isa = PBXBuildFile; fileRef = DEC4F7261A1C906100869D0C /* licenseScript.py */; };
/* End PBXBuildFile section */

/* Begin PBXContainerItemProxy section */
		DE40476F1A1C606800ABEB84 /* PBXContainerItemProxy */ = {
			isa = PBXContainerItemProxy;
			containerPortal = DE4047511A1C606700ABEB84 /* Project object */;
			proxyType = 1;
			remoteGlobalIDString = DE4047581A1C606800ABEB84;
			remoteInfo = atomik;
		};
/* End PBXContainerItemProxy section */

/* Begin PBXFileReference section */
		DE4047591A1C606800ABEB84 /* atomik.app */ = {isa = PBXFileReference; explicitFileType = wrapper.application; includeInIndex = 0; path = atomik.app; sourceTree = BUILT_PRODUCTS_DIR; };
		DE40475D1A1C606800ABEB84 /* Info.plist */ = {isa = PBXFileReference; lastKnownFileType = text.plist.xml; path = Info.plist; sourceTree = "<group>"; };
		DE40475E1A1C606800ABEB84 /* AppDelegate.swift */ = {isa = PBXFileReference; lastKnownFileType = sourcecode.swift; path = AppDelegate.swift; sourceTree = "<group>"; };
		DE4047601A1C606800ABEB84 /* ViewController.swift */ = {isa = PBXFileReference; lastKnownFileType = sourcecode.swift; path = ViewController.swift; sourceTree = "<group>"; };
		DE4047631A1C606800ABEB84 /* Base */ = {isa = PBXFileReference; lastKnownFileType = file.storyboard; name = Base; path = Base.lproj/Main.storyboard; sourceTree = "<group>"; };
		DE4047651A1C606800ABEB84 /* Images.xcassets */ = {isa = PBXFileReference; lastKnownFileType = folder.assetcatalog; path = Images.xcassets; sourceTree = "<group>"; };
		DE4047681A1C606800ABEB84 /* Base */ = {isa = PBXFileReference; lastKnownFileType = file.xib; name = Base; path = Base.lproj/LaunchScreen.xib; sourceTree = "<group>"; };
		DE40476E1A1C606800ABEB84 /* atomikTests.xctest */ = {isa = PBXFileReference; explicitFileType = wrapper.cfbundle; includeInIndex = 0; path = atomikTests.xctest; sourceTree = BUILT_PRODUCTS_DIR; };
		DE4047731A1C606800ABEB84 /* Info.plist */ = {isa = PBXFileReference; lastKnownFileType = text.plist.xml; path = Info.plist; sourceTree = "<group>"; };
		DE4047741A1C606800ABEB84 /* atomikTests.swift */ = {isa = PBXFileReference; lastKnownFileType = sourcecode.swift; path = atomikTests.swift; sourceTree = "<group>"; };
		DE40477F1A1C87CC00ABEB84 /* Settings.bundle */ = {isa = PBXFileReference; lastKnownFileType = "wrapper.plug-in"; name = Settings.bundle; path = ../Settings.bundle; sourceTree = "<group>"; };
		DE4047821A1C8D7D00ABEB84 /* EAIntroView.license */ = {isa = PBXFileReference; fileEncoding = 4; lastKnownFileType = text; path = EAIntroView.license; sourceTree = "<group>"; };
		DEC4F7261A1C906100869D0C /* licenseScript.py */ = {isa = PBXFileReference; fileEncoding = 4; lastKnownFileType = text.script.python; path = licenseScript.py; sourceTree = "<group>"; };
/* End PBXFileReference section */

/* Begin PBXFrameworksBuildPhase section */
		DE4047561A1C606800ABEB84 /* Frameworks */ = {
			isa = PBXFrameworksBuildPhase;
			buildActionMask = 2147483647;
			files = (
			);
			runOnlyForDeploymentPostprocessing = 0;
		};
		DE40476B1A1C606800ABEB84 /* Frameworks */ = {
			isa = PBXFrameworksBuildPhase;
			buildActionMask = 2147483647;
			files = (
			);
			runOnlyForDeploymentPostprocessing = 0;
		};
/* End PBXFrameworksBuildPhase section */

/* Begin PBXGroup section */
		DE4047501A1C606700ABEB84 = {
			isa = PBXGroup;
			children = (
				DE40475B1A1C606800ABEB84 /* atomik */,
				DE4047711A1C606800ABEB84 /* atomikTests */,
				DE40475A1A1C606800ABEB84 /* Products */,
				DE40477E1A1C879D00ABEB84 /* Resources */,
			);
			sourceTree = "<group>";
		};
		DE40475A1A1C606800ABEB84 /* Products */ = {
			isa = PBXGroup;
			children = (
				DE4047591A1C606800ABEB84 /* atomik.app */,
				DE40476E1A1C606800ABEB84 /* atomikTests.xctest */,
			);
			name = Products;
			sourceTree = "<group>";
		};
		DE40475B1A1C606800ABEB84 /* atomik */ = {
			isa = PBXGroup;
			children = (
				DE40475E1A1C606800ABEB84 /* AppDelegate.swift */,
				DE4047601A1C606800ABEB84 /* ViewController.swift */,
				DE4047621A1C606800ABEB84 /* Main.storyboard */,
				DE4047651A1C606800ABEB84 /* Images.xcassets */,
				DE4047671A1C606800ABEB84 /* LaunchScreen.xib */,
				DE40475C1A1C606800ABEB84 /* Supporting Files */,
			);
			path = atomik;
			sourceTree = "<group>";
		};
		DE40475C1A1C606800ABEB84 /* Supporting Files */ = {
			isa = PBXGroup;
			children = (
				DE40475D1A1C606800ABEB84 /* Info.plist */,
			);
			name = "Supporting Files";
			sourceTree = "<group>";
		};
		DE4047711A1C606800ABEB84 /* atomikTests */ = {
			isa = PBXGroup;
			children = (
				DE4047741A1C606800ABEB84 /* atomikTests.swift */,
				DE4047721A1C606800ABEB84 /* Supporting Files */,
			);
			path = atomikTests;
			sourceTree = "<group>";
		};
		DE4047721A1C606800ABEB84 /* Supporting Files */ = {
			isa = PBXGroup;
			children = (
				DE4047731A1C606800ABEB84 /* Info.plist */,
			);
			name = "Supporting Files";
			sourceTree = "<group>";
		};
		DE40477E1A1C879D00ABEB84 /* Resources */ = {
			isa = PBXGroup;
			children = (
				DE4047811A1C8A3600ABEB84 /* Licenses */,
				DE40477F1A1C87CC00ABEB84 /* Settings.bundle */,
			);
			name = Resources;
			path = atomik;
			sourceTree = "<group>";
		};
		DE4047811A1C8A3600ABEB84 /* Licenses */ = {
			isa = PBXGroup;
			children = (
				DE4047821A1C8D7D00ABEB84 /* EAIntroView.license */,
				DEC4F7261A1C906100869D0C /* licenseScript.py */,
			);
			name = Licenses;
			sourceTree = "<group>";
		};
/* End PBXGroup section */

/* Begin PBXNativeTarget section */
		DE4047581A1C606800ABEB84 /* atomik */ = {
			isa = PBXNativeTarget;
			buildConfigurationList = DE4047781A1C606800ABEB84 /* Build configuration list for PBXNativeTarget "atomik" */;
			buildPhases = (
				DE4047551A1C606800ABEB84 /* Sources */,
				DE4047561A1C606800ABEB84 /* Frameworks */,
				DE4047571A1C606800ABEB84 /* Resources */,
			);
			buildRules = (
			);
			dependencies = (
			);
			name = atomik;
			productName = atomik;
			productReference = DE4047591A1C606800ABEB84 /* atomik.app */;
			productType = "com.apple.product-type.application";
		};
		DE40476D1A1C606800ABEB84 /* atomikTests */ = {
			isa = PBXNativeTarget;
			buildConfigurationList = DE40477B1A1C606800ABEB84 /* Build configuration list for PBXNativeTarget "atomikTests" */;
			buildPhases = (
				DE40476A1A1C606800ABEB84 /* Sources */,
				DE40476B1A1C606800ABEB84 /* Frameworks */,
				DE40476C1A1C606800ABEB84 /* Resources */,
			);
			buildRules = (
			);
			dependencies = (
				DE4047701A1C606800ABEB84 /* PBXTargetDependency */,
			);
			name = atomikTests;
			productName = atomikTests;
			productReference = DE40476E1A1C606800ABEB84 /* atomikTests.xctest */;
			productType = "com.apple.product-type.bundle.unit-test";
		};
/* End PBXNativeTarget section */

/* Begin PBXProject section */
		DE4047511A1C606700ABEB84 /* Project object */ = {
			isa = PBXProject;
			attributes = {
				LastUpgradeCheck = 0610;
				ORGANIZATIONNAME = "Tony Morales";
				TargetAttributes = {
					DE4047581A1C606800ABEB84 = {
						CreatedOnToolsVersion = 6.1;
					};
					DE40476D1A1C606800ABEB84 = {
						CreatedOnToolsVersion = 6.1;
						TestTargetID = DE4047581A1C606800ABEB84;
					};
				};
			};
			buildConfigurationList = DE4047541A1C606700ABEB84 /* Build configuration list for PBXProject "atomik" */;
			compatibilityVersion = "Xcode 3.2";
			developmentRegion = English;
			hasScannedForEncodings = 0;
			knownRegions = (
				en,
				Base,
			);
			mainGroup = DE4047501A1C606700ABEB84;
			productRefGroup = DE40475A1A1C606800ABEB84 /* Products */;
			projectDirPath = "";
			projectRoot = "";
			targets = (
				DE4047581A1C606800ABEB84 /* atomik */,
				DE40476D1A1C606800ABEB84 /* atomikTests */,
			);
		};
/* End PBXProject section */

/* Begin PBXResourcesBuildPhase section */
		DE4047571A1C606800ABEB84 /* Resources */ = {
			isa = PBXResourcesBuildPhase;
			buildActionMask = 2147483647;
			files = (
				DE4047801A1C87CC00ABEB84 /* Settings.bundle in Resources */,
				DE4047641A1C606800ABEB84 /* Main.storyboard in Resources */,
				DEC4F7271A1C906100869D0C /* licenseScript.py in Resources */,
				DE4047691A1C606800ABEB84 /* LaunchScreen.xib in Resources */,
				DE4047831A1C8D7D00ABEB84 /* EAIntroView.license in Resources */,
				DE4047661A1C606800ABEB84 /* Images.xcassets in Resources */,
			);
			runOnlyForDeploymentPostprocessing = 0;
		};
		DE40476C1A1C606800ABEB84 /* Resources */ = {
			isa = PBXResourcesBuildPhase;
			buildActionMask = 2147483647;
			files = (
			);
			runOnlyForDeploymentPostprocessing = 0;
		};
/* End PBXResourcesBuildPhase section */

/* Begin PBXSourcesBuildPhase section */
		DE4047551A1C606800ABEB84 /* Sources */ = {
			isa = PBXSourcesBuildPhase;
			buildActionMask = 2147483647;
			files = (
				DE4047611A1C606800ABEB84 /* ViewController.swift in Sources */,
				DE40475F1A1C606800ABEB84 /* AppDelegate.swift in Sources */,
			);
			runOnlyForDeploymentPostprocessing = 0;
		};
		DE40476A1A1C606800ABEB84 /* Sources */ = {
			isa = PBXSourcesBuildPhase;
			buildActionMask = 2147483647;
			files = (
				DE4047751A1C606800ABEB84 /* atomikTests.swift in Sources */,
			);
			runOnlyForDeploymentPostprocessing = 0;
		};
/* End PBXSourcesBuildPhase section */

/* Begin PBXTargetDependency section */
		DE4047701A1C606800ABEB84 /* PBXTargetDependency */ = {
			isa = PBXTargetDependency;
			target = DE4047581A1C606800ABEB84 /* atomik */;
			targetProxy = DE40476F1A1C606800ABEB84 /* PBXContainerItemProxy */;
		};
/* End PBXTargetDependency section */

/* Begin PBXVariantGroup section */
		DE4047621A1C606800ABEB84 /* Main.storyboard */ = {
			isa = PBXVariantGroup;
			children = (
				DE4047631A1C606800ABEB84 /* Base */,
			);
			name = Main.storyboard;
			sourceTree = "<group>";
		};
		DE4047671A1C606800ABEB84 /* LaunchScreen.xib */ = {
			isa = PBXVariantGroup;
			children = (
				DE4047681A1C606800ABEB84 /* Base */,
			);
			name = LaunchScreen.xib;
			sourceTree = "<group>";
		};
/* End PBXVariantGroup section */

/* Begin XCBuildConfiguration section */
		DE4047761A1C606800ABEB84 /* Debug */ = {
			isa = XCBuildConfiguration;
			buildSettings = {
				ALWAYS_SEARCH_USER_PATHS = NO;
				CLANG_CXX_LANGUAGE_STANDARD = "gnu++0x";
				CLANG_CXX_LIBRARY = "libc++";
				CLANG_ENABLE_MODULES = YES;
				CLANG_ENABLE_OBJC_ARC = YES;
				CLANG_WARN_BOOL_CONVERSION = YES;
				CLANG_WARN_CONSTANT_CONVERSION = YES;
				CLANG_WARN_DIRECT_OBJC_ISA_USAGE = YES_ERROR;
				CLANG_WARN_EMPTY_BODY = YES;
				CLANG_WARN_ENUM_CONVERSION = YES;
				CLANG_WARN_INT_CONVERSION = YES;
				CLANG_WARN_OBJC_ROOT_CLASS = YES_ERROR;
				CLANG_WARN_UNREACHABLE_CODE = YES;
				CLANG_WARN__DUPLICATE_METHOD_MATCH = YES;
				"CODE_SIGN_IDENTITY[sdk=iphoneos*]" = "iPhone Developer";
				COPY_PHASE_STRIP = NO;
				ENABLE_STRICT_OBJC_MSGSEND = YES;
				GCC_C_LANGUAGE_STANDARD = gnu99;
				GCC_DYNAMIC_NO_PIC = NO;
				GCC_OPTIMIZATION_LEVEL = 0;
				GCC_PREPROCESSOR_DEFINITIONS = (
					"DEBUG=1",
					"$(inherited)",
				);
				GCC_SYMBOLS_PRIVATE_EXTERN = NO;
				GCC_WARN_64_TO_32_BIT_CONVERSION = YES;
				GCC_WARN_ABOUT_RETURN_TYPE = YES_ERROR;
				GCC_WARN_UNDECLARED_SELECTOR = YES;
				GCC_WARN_UNINITIALIZED_AUTOS = YES_AGGRESSIVE;
				GCC_WARN_UNUSED_FUNCTION = YES;
				GCC_WARN_UNUSED_VARIABLE = YES;
				IPHONEOS_DEPLOYMENT_TARGET = 8.1;
				MTL_ENABLE_DEBUG_INFO = YES;
				ONLY_ACTIVE_ARCH = YES;
				SDKROOT = iphoneos;
				SWIFT_OPTIMIZATION_LEVEL = "-Onone";
				TARGETED_DEVICE_FAMILY = "1,2";
			};
			name = Debug;
		};
		DE4047771A1C606800ABEB84 /* Release */ = {
			isa = XCBuildConfiguration;
			buildSettings = {
				ALWAYS_SEARCH_USER_PATHS = NO;
				CLANG_CXX_LANGUAGE_STANDARD = "gnu++0x";
				CLANG_CXX_LIBRARY = "libc++";
				CLANG_ENABLE_MODULES = YES;
				CLANG_ENABLE_OBJC_ARC = YES;
				CLANG_WARN_BOOL_CONVERSION = YES;
				CLANG_WARN_CONSTANT_CONVERSION = YES;
				CLANG_WARN_DIRECT_OBJC_ISA_USAGE = YES_ERROR;
				CLANG_WARN_EMPTY_BODY = YES;
				CLANG_WARN_ENUM_CONVERSION = YES;
				CLANG_WARN_INT_CONVERSION = YES;
				CLANG_WARN_OBJC_ROOT_CLASS = YES_ERROR;
				CLANG_WARN_UNREACHABLE_CODE = YES;
				CLANG_WARN__DUPLICATE_METHOD_MATCH = YES;
				"CODE_SIGN_IDENTITY[sdk=iphoneos*]" = "iPhone Developer";
				COPY_PHASE_STRIP = YES;
				ENABLE_NS_ASSERTIONS = NO;
				ENABLE_STRICT_OBJC_MSGSEND = YES;
				GCC_C_LANGUAGE_STANDARD = gnu99;
				GCC_WARN_64_TO_32_BIT_CONVERSION = YES;
				GCC_WARN_ABOUT_RETURN_TYPE = YES_ERROR;
				GCC_WARN_UNDECLARED_SELECTOR = YES;
				GCC_WARN_UNINITIALIZED_AUTOS = YES_AGGRESSIVE;
				GCC_WARN_UNUSED_FUNCTION = YES;
				GCC_WARN_UNUSED_VARIABLE = YES;
				IPHONEOS_DEPLOYMENT_TARGET = 8.1;
				MTL_ENABLE_DEBUG_INFO = NO;
				SDKROOT = iphoneos;
				TARGETED_DEVICE_FAMILY = "1,2";
				VALIDATE_PRODUCT = YES;
			};
			name = Release;
		};
		DE4047791A1C606800ABEB84 /* Debug */ = {
			isa = XCBuildConfiguration;
			buildSettings = {
				ASSETCATALOG_COMPILER_APPICON_NAME = AppIcon;
				INFOPLIST_FILE = atomik/Info.plist;
				LD_RUNPATH_SEARCH_PATHS = "$(inherited) @executable_path/Frameworks";
				PRODUCT_NAME = "$(TARGET_NAME)";
			};
			name = Debug;
		};
		DE40477A1A1C606800ABEB84 /* Release */ = {
			isa = XCBuildConfiguration;
			buildSettings = {
				ASSETCATALOG_COMPILER_APPICON_NAME = AppIcon;
				INFOPLIST_FILE = atomik/Info.plist;
				LD_RUNPATH_SEARCH_PATHS = "$(inherited) @executable_path/Frameworks";
				PRODUCT_NAME = "$(TARGET_NAME)";
			};
			name = Release;
		};
		DE40477C1A1C606800ABEB84 /* Debug */ = {
			isa = XCBuildConfiguration;
			buildSettings = {
				BUNDLE_LOADER = "$(TEST_HOST)";
				FRAMEWORK_SEARCH_PATHS = (
					"$(SDKROOT)/Developer/Library/Frameworks",
					"$(inherited)",
				);
				GCC_PREPROCESSOR_DEFINITIONS = (
					"DEBUG=1",
					"$(inherited)",
				);
				INFOPLIST_FILE = atomikTests/Info.plist;
				LD_RUNPATH_SEARCH_PATHS = "$(inherited) @executable_path/Frameworks @loader_path/Frameworks";
				PRODUCT_NAME = "$(TARGET_NAME)";
				TEST_HOST = "$(BUILT_PRODUCTS_DIR)/atomik.app/atomik";
			};
			name = Debug;
		};
		DE40477D1A1C606800ABEB84 /* Release */ = {
			isa = XCBuildConfiguration;
			buildSettings = {
				BUNDLE_LOADER = "$(TEST_HOST)";
				FRAMEWORK_SEARCH_PATHS = (
					"$(SDKROOT)/Developer/Library/Frameworks",
					"$(inherited)",
				);
				INFOPLIST_FILE = atomikTests/Info.plist;
				LD_RUNPATH_SEARCH_PATHS = "$(inherited) @executable_path/Frameworks @loader_path/Frameworks";
				PRODUCT_NAME = "$(TARGET_NAME)";
				TEST_HOST = "$(BUILT_PRODUCTS_DIR)/atomik.app/atomik";
			};
			name = Release;
		};
/* End XCBuildConfiguration section */

/* Begin XCConfigurationList section */
		DE4047541A1C606700ABEB84 /* Build configuration list for PBXProject "atomik" */ = {
			isa = XCConfigurationList;
			buildConfigurations = (
				DE4047761A1C606800ABEB84 /* Debug */,
				DE4047771A1C606800ABEB84 /* Release */,
			);
			defaultConfigurationIsVisible = 0;
			defaultConfigurationName = Release;
		};
		DE4047781A1C606800ABEB84 /* Build configuration list for PBXNativeTarget "atomik" */ = {
			isa = XCConfigurationList;
			buildConfigurations = (
				DE4047791A1C606800ABEB84 /* Debug */,
				DE40477A1A1C606800ABEB84 /* Release */,
			);
			defaultConfigurationIsVisible = 0;
			defaultConfigurationName = Release;
		};
		DE40477B1A1C606800ABEB84 /* Build configuration list for PBXNativeTarget "atomikTests" */ = {
			isa = XCConfigurationList;
			buildConfigurations = (
				DE40477C1A1C606800ABEB84 /* Debug */,
				DE40477D1A1C606800ABEB84 /* Release */,
			);
			defaultConfigurationIsVisible = 0;
			defaultConfigurationName = Release;
		};
/* End XCConfigurationList section */
	};
	rootObject = DE4047511A1C606700ABEB84 /* Project object */;
}
